
Microsoft Visual Studio Solution File, Format Version 12.00
# Visual Studio Version 16
VisualStudioVersion = 16.0.30711.63
MinimumVisualStudioVersion = 10.0.40219.1
Project("{FAE04EC0-301F-11D3-BF4B-00C04F79EFBC}") = "Arrayz", "Console\Arrayz.csproj", "{61A2822A-70FF-49F0-933F-C4D3394E81CB}"
EndProject
Global
	GlobalSection(SolutionConfigurationPlatforms) = preSolution
		Debug|Any CPU = Debug|Any CPU
		Release|Any CPU = Release|Any CPU
	EndGlobalSection
	GlobalSection(ProjectConfigurationPlatforms) = postSolution
		{61A2822A-70FF-49F0-933F-C4D3394E81CB}.Debug|Any CPU.ActiveCfg = Debug|Any CPU
		{61A2822A-70FF-49F0-933F-C4D3394E81CB}.Debug|Any CPU.Build.0 = Debug|Any CPU
		{61A2822A-70FF-49F0-933F-C4D3394E81CB}.Release|Any CPU.ActiveCfg = Release|Any CPU
		{61A2822A-70FF-49F0-933F-C4D3394E81CB}.Release|Any CPU.Build.0 = Release|Any CPU
	EndGlobalSection
	GlobalSection(SolutionProperties) = preSolution
		HideSolutionNode = FALSE
	EndGlobalSection
	GlobalSection(ExtensibilityGlobals) = postSolution
		SolutionGuid = {2BE470FE-493B-4CA1-A213-B825ED7B0C06}
	EndGlobalSection
EndGlobal
